// !$*UTF8*$!
{
	archiveVersion = 1;
	classes = {
	};
	objectVersion = 46;
	objects = {

/* Begin PBXBuildFile section */
		4377E0EC1B2FBFC400256DE7 /* AppDelegate.swift in Sources */ = {isa = PBXBuildFile; fileRef = 4377E0EB1B2FBFC400256DE7 /* AppDelegate.swift */; };
		4377E0EE1B2FBFC400256DE7 /* ViewController.swift in Sources */ = {isa = PBXBuildFile; fileRef = 4377E0ED1B2FBFC400256DE7 /* ViewController.swift */; };
		4377E0F11B2FBFC400256DE7 /* Main.storyboard in Resources */ = {isa = PBXBuildFile; fileRef = 4377E0EF1B2FBFC400256DE7 /* Main.storyboard */; };
		4377E0F31B2FBFC400256DE7 /* Images.xcassets in Resources */ = {isa = PBXBuildFile; fileRef = 4377E0F21B2FBFC400256DE7 /* Images.xcassets */; };
		4377E0F61B2FBFC400256DE7 /* LaunchScreen.xib in Resources */ = {isa = PBXBuildFile; fileRef = 4377E0F41B2FBFC400256DE7 /* LaunchScreen.xib */; };
		4377E1021B2FBFC400256DE7 /* VaneTests.swift in Sources */ = {isa = PBXBuildFile; fileRef = 4377E1011B2FBFC400256DE7 /* VaneTests.swift */; };
		4377E1131B2FC2C100256DE7 /* FBAudienceNetwork.framework in Frameworks */ = {isa = PBXBuildFile; fileRef = 4377E10D1B2FC2C100256DE7 /* FBAudienceNetwork.framework */; };
		4377E1141B2FC2C100256DE7 /* FBSDKCoreKit.framework in Frameworks */ = {isa = PBXBuildFile; fileRef = 4377E10E1B2FC2C100256DE7 /* FBSDKCoreKit.framework */; };
		4377E1151B2FC2C100256DE7 /* FBSDKLoginKit.framework in Frameworks */ = {isa = PBXBuildFile; fileRef = 4377E10F1B2FC2C100256DE7 /* FBSDKLoginKit.framework */; };
		4377E1161B2FC2C100256DE7 /* FBSDKMessengerShareKit.framework in Frameworks */ = {isa = PBXBuildFile; fileRef = 4377E1101B2FC2C100256DE7 /* FBSDKMessengerShareKit.framework */; };
		4377E1171B2FC2C100256DE7 /* FBSDKShareKit.framework in Frameworks */ = {isa = PBXBuildFile; fileRef = 4377E1111B2FC2C100256DE7 /* FBSDKShareKit.framework */; };
		4377E1181B2FC2C100256DE7 /* Bolts.framework in Frameworks */ = {isa = PBXBuildFile; fileRef = 4377E1121B2FC2C100256DE7 /* Bolts.framework */; };
/* End PBXBuildFile section */

/* Begin PBXContainerItemProxy section */
		4377E0FC1B2FBFC400256DE7 /* PBXContainerItemProxy */ = {
			isa = PBXContainerItemProxy;
			containerPortal = 4377E0DE1B2FBFC400256DE7 /* Project object */;
			proxyType = 1;
			remoteGlobalIDString = 4377E0E51B2FBFC400256DE7;
			remoteInfo = Vane;
		};
/* End PBXContainerItemProxy section */

/* Begin PBXFileReference section */
		4377E0E61B2FBFC400256DE7 /* Vane.app */ = {isa = PBXFileReference; explicitFileType = wrapper.application; includeInIndex = 0; path = Vane.app; sourceTree = BUILT_PRODUCTS_DIR; };
		4377E0EA1B2FBFC400256DE7 /* Info.plist */ = {isa = PBXFileReference; lastKnownFileType = text.plist.xml; path = Info.plist; sourceTree = "<group>"; };
		4377E0EB1B2FBFC400256DE7 /* AppDelegate.swift */ = {isa = PBXFileReference; lastKnownFileType = sourcecode.swift; path = AppDelegate.swift; sourceTree = "<group>"; };
		4377E0ED1B2FBFC400256DE7 /* ViewController.swift */ = {isa = PBXFileReference; lastKnownFileType = sourcecode.swift; path = ViewController.swift; sourceTree = "<group>"; };
		4377E0F01B2FBFC400256DE7 /* Base */ = {isa = PBXFileReference; lastKnownFileType = file.storyboard; name = Base; path = Base.lproj/Main.storyboard; sourceTree = "<group>"; };
		4377E0F21B2FBFC400256DE7 /* Images.xcassets */ = {isa = PBXFileReference; lastKnownFileType = folder.assetcatalog; path = Images.xcassets; sourceTree = "<group>"; };
		4377E0F51B2FBFC400256DE7 /* Base */ = {isa = PBXFileReference; lastKnownFileType = file.xib; name = Base; path = Base.lproj/LaunchScreen.xib; sourceTree = "<group>"; };
		4377E0FB1B2FBFC400256DE7 /* VaneTests.xctest */ = {isa = PBXFileReference; explicitFileType = wrapper.cfbundle; includeInIndex = 0; path = VaneTests.xctest; sourceTree = BUILT_PRODUCTS_DIR; };
		4377E1001B2FBFC400256DE7 /* Info.plist */ = {isa = PBXFileReference; lastKnownFileType = text.plist.xml; path = Info.plist; sourceTree = "<group>"; };
		4377E1011B2FBFC400256DE7 /* VaneTests.swift */ = {isa = PBXFileReference; lastKnownFileType = sourcecode.swift; path = VaneTests.swift; sourceTree = "<group>"; };
		4377E10D1B2FC2C100256DE7 /* FBAudienceNetwork.framework */ = {isa = PBXFileReference; lastKnownFileType = wrapper.framework; name = FBAudienceNetwork.framework; path = ../../../../Documents/FacebookSDK/FBAudienceNetwork.framework; sourceTree = "<group>"; };
		4377E10E1B2FC2C100256DE7 /* FBSDKCoreKit.framework */ = {isa = PBXFileReference; lastKnownFileType = wrapper.framework; name = FBSDKCoreKit.framework; path = ../../../../Documents/FacebookSDK/FBSDKCoreKit.framework; sourceTree = "<group>"; };
		4377E10F1B2FC2C100256DE7 /* FBSDKLoginKit.framework */ = {isa = PBXFileReference; lastKnownFileType = wrapper.framework; name = FBSDKLoginKit.framework; path = ../../../../Documents/FacebookSDK/FBSDKLoginKit.framework; sourceTree = "<group>"; };
		4377E1101B2FC2C100256DE7 /* FBSDKMessengerShareKit.framework */ = {isa = PBXFileReference; lastKnownFileType = wrapper.framework; name = FBSDKMessengerShareKit.framework; path = ../../../../Documents/FacebookSDK/FBSDKMessengerShareKit.framework; sourceTree = "<group>"; };
		4377E1111B2FC2C100256DE7 /* FBSDKShareKit.framework */ = {isa = PBXFileReference; lastKnownFileType = wrapper.framework; name = FBSDKShareKit.framework; path = ../../../../Documents/FacebookSDK/FBSDKShareKit.framework; sourceTree = "<group>"; };
		4377E1121B2FC2C100256DE7 /* Bolts.framework */ = {isa = PBXFileReference; lastKnownFileType = wrapper.framework; name = Bolts.framework; path = ../../../../Documents/FacebookSDK/Bolts.framework; sourceTree = "<group>"; };
/* End PBXFileReference section */

/* Begin PBXFrameworksBuildPhase section */
		4377E0E31B2FBFC400256DE7 /* Frameworks */ = {
			isa = PBXFrameworksBuildPhase;
			buildActionMask = 2147483647;
			files = (
				4377E1131B2FC2C100256DE7 /* FBAudienceNetwork.framework in Frameworks */,
				4377E1141B2FC2C100256DE7 /* FBSDKCoreKit.framework in Frameworks */,
				4377E1151B2FC2C100256DE7 /* FBSDKLoginKit.framework in Frameworks */,
				4377E1161B2FC2C100256DE7 /* FBSDKMessengerShareKit.framework in Frameworks */,
				4377E1171B2FC2C100256DE7 /* FBSDKShareKit.framework in Frameworks */,
				4377E1181B2FC2C100256DE7 /* Bolts.framework in Frameworks */,
			);
			runOnlyForDeploymentPostprocessing = 0;
		};
		4377E0F81B2FBFC400256DE7 /* Frameworks */ = {
			isa = PBXFrameworksBuildPhase;
			buildActionMask = 2147483647;
			files = (
			);
			runOnlyForDeploymentPostprocessing = 0;
		};
/* End PBXFrameworksBuildPhase section */

/* Begin PBXGroup section */
		4377E0DD1B2FBFC400256DE7 = {
			isa = PBXGroup;
			children = (
				4377E0E81B2FBFC400256DE7 /* Vane */,
				4377E0FE1B2FBFC400256DE7 /* VaneTests */,
				4377E1191B2FC2E200256DE7 /* Frameworks */,
				4377E0E71B2FBFC400256DE7 /* Products */,
			);
			sourceTree = "<group>";
		};
		4377E0E71B2FBFC400256DE7 /* Products */ = {
			isa = PBXGroup;
			children = (
				4377E0E61B2FBFC400256DE7 /* Vane.app */,
				4377E0FB1B2FBFC400256DE7 /* VaneTests.xctest */,
			);
			name = Products;
			sourceTree = "<group>";
		};
		4377E0E81B2FBFC400256DE7 /* Vane */ = {
			isa = PBXGroup;
			children = (
				4377E0ED1B2FBFC400256DE7 /* ViewController.swift */,
				4377E0EF1B2FBFC400256DE7 /* Main.storyboard */,
				4377E0E91B2FBFC400256DE7 /* Supporting Files */,
			);
			path = Vane;
			sourceTree = "<group>";
		};
		4377E0E91B2FBFC400256DE7 /* Supporting Files */ = {
			isa = PBXGroup;
			children = (
				4377E0F41B2FBFC400256DE7 /* LaunchScreen.xib */,
				4377E0EB1B2FBFC400256DE7 /* AppDelegate.swift */,
				4377E0F21B2FBFC400256DE7 /* Images.xcassets */,
				4377E0EA1B2FBFC400256DE7 /* Info.plist */,
			);
			name = "Supporting Files";
			sourceTree = "<group>";
		};
		4377E0FE1B2FBFC400256DE7 /* VaneTests */ = {
			isa = PBXGroup;
			children = (
				4377E1011B2FBFC400256DE7 /* VaneTests.swift */,
				4377E0FF1B2FBFC400256DE7 /* Supporting Files */,
			);
			path = VaneTests;
			sourceTree = "<group>";
		};
		4377E0FF1B2FBFC400256DE7 /* Supporting Files */ = {
			isa = PBXGroup;
			children = (
				4377E1001B2FBFC400256DE7 /* Info.plist */,
			);
			name = "Supporting Files";
			sourceTree = "<group>";
		};
		4377E1191B2FC2E200256DE7 /* Frameworks */ = {
			isa = PBXGroup;
			children = (
				4377E10D1B2FC2C100256DE7 /* FBAudienceNetwork.framework */,
				4377E10E1B2FC2C100256DE7 /* FBSDKCoreKit.framework */,
				4377E10F1B2FC2C100256DE7 /* FBSDKLoginKit.framework */,
				4377E1101B2FC2C100256DE7 /* FBSDKMessengerShareKit.framework */,
				4377E1111B2FC2C100256DE7 /* FBSDKShareKit.framework */,
				4377E1121B2FC2C100256DE7 /* Bolts.framework */,
			);
			name = Frameworks;
			sourceTree = "<group>";
		};
/* End PBXGroup section */

/* Begin PBXNativeTarget section */
		4377E0E51B2FBFC400256DE7 /* Vane */ = {
			isa = PBXNativeTarget;
			buildConfigurationList = 4377E1051B2FBFC400256DE7 /* Build configuration list for PBXNativeTarget "Vane" */;
			buildPhases = (
				4377E0E21B2FBFC400256DE7 /* Sources */,
				4377E0E31B2FBFC400256DE7 /* Frameworks */,
				4377E0E41B2FBFC400256DE7 /* Resources */,
			);
			buildRules = (
			);
			dependencies = (
			);
			name = Vane;
			productName = Vane;
			productReference = 4377E0E61B2FBFC400256DE7 /* Vane.app */;
			productType = "com.apple.product-type.application";
		};
		4377E0FA1B2FBFC400256DE7 /* VaneTests */ = {
			isa = PBXNativeTarget;
			buildConfigurationList = 4377E1081B2FBFC400256DE7 /* Build configuration list for PBXNativeTarget "VaneTests" */;
			buildPhases = (
				4377E0F71B2FBFC400256DE7 /* Sources */,
				4377E0F81B2FBFC400256DE7 /* Frameworks */,
				4377E0F91B2FBFC400256DE7 /* Resources */,
			);
			buildRules = (
			);
			dependencies = (
				4377E0FD1B2FBFC400256DE7 /* PBXTargetDependency */,
			);
			name = VaneTests;
			productName = VaneTests;
			productReference = 4377E0FB1B2FBFC400256DE7 /* VaneTests.xctest */;
			productType = "com.apple.product-type.bundle.unit-test";
		};
/* End PBXNativeTarget section */

/* Begin PBXProject section */
		4377E0DE1B2FBFC400256DE7 /* Project object */ = {
			isa = PBXProject;
			attributes = {
				LastUpgradeCheck = 0630;
				ORGANIZATIONNAME = "Ben Lieblich";
				TargetAttributes = {
					4377E0E51B2FBFC400256DE7 = {
						CreatedOnToolsVersion = 6.3.2;
					};
					4377E0FA1B2FBFC400256DE7 = {
						CreatedOnToolsVersion = 6.3.2;
						TestTargetID = 4377E0E51B2FBFC400256DE7;
					};
				};
			};
			buildConfigurationList = 4377E0E11B2FBFC400256DE7 /* Build configuration list for PBXProject "Vane" */;
			compatibilityVersion = "Xcode 3.2";
			developmentRegion = English;
			hasScannedForEncodings = 0;
			knownRegions = (
				en,
				Base,
			);
			mainGroup = 4377E0DD1B2FBFC400256DE7;
			productRefGroup = 4377E0E71B2FBFC400256DE7 /* Products */;
			projectDirPath = "";
			projectRoot = "";
			targets = (
				4377E0E51B2FBFC400256DE7 /* Vane */,
				4377E0FA1B2FBFC400256DE7 /* VaneTests */,
			);
		};
/* End PBXProject section */

/* Begin PBXResourcesBuildPhase section */
		4377E0E41B2FBFC400256DE7 /* Resources */ = {
			isa = PBXResourcesBuildPhase;
			buildActionMask = 2147483647;
			files = (
				4377E0F11B2FBFC400256DE7 /* Main.storyboard in Resources */,
				4377E0F61B2FBFC400256DE7 /* LaunchScreen.xib in Resources */,
				4377E0F31B2FBFC400256DE7 /* Images.xcassets in Resources */,
			);
			runOnlyForDeploymentPostprocessing = 0;
		};
		4377E0F91B2FBFC400256DE7 /* Resources */ = {
			isa = PBXResourcesBuildPhase;
			buildActionMask = 2147483647;
			files = (
			);
			runOnlyForDeploymentPostprocessing = 0;
		};
/* End PBXResourcesBuildPhase section */

/* Begin PBXSourcesBuildPhase section */
		4377E0E21B2FBFC400256DE7 /* Sources */ = {
			isa = PBXSourcesBuildPhase;
			buildActionMask = 2147483647;
			files = (
				4377E0EE1B2FBFC400256DE7 /* ViewController.swift in Sources */,
				4377E0EC1B2FBFC400256DE7 /* AppDelegate.swift in Sources */,
			);
			runOnlyForDeploymentPostprocessing = 0;
		};
		4377E0F71B2FBFC400256DE7 /* Sources */ = {
			isa = PBXSourcesBuildPhase;
			buildActionMask = 2147483647;
			files = (
				4377E1021B2FBFC400256DE7 /* VaneTests.swift in Sources */,
			);
			runOnlyForDeploymentPostprocessing = 0;
		};
/* End PBXSourcesBuildPhase section */

/* Begin PBXTargetDependency section */
		4377E0FD1B2FBFC400256DE7 /* PBXTargetDependency */ = {
			isa = PBXTargetDependency;
			target = 4377E0E51B2FBFC400256DE7 /* Vane */;
			targetProxy = 4377E0FC1B2FBFC400256DE7 /* PBXContainerItemProxy */;
		};
/* End PBXTargetDependency section */

/* Begin PBXVariantGroup section */
		4377E0EF1B2FBFC400256DE7 /* Main.storyboard */ = {
			isa = PBXVariantGroup;
			children = (
				4377E0F01B2FBFC400256DE7 /* Base */,
			);
			name = Main.storyboard;
			sourceTree = "<group>";
		};
		4377E0F41B2FBFC400256DE7 /* LaunchScreen.xib */ = {
			isa = PBXVariantGroup;
			children = (
				4377E0F51B2FBFC400256DE7 /* Base */,
			);
			name = LaunchScreen.xib;
			sourceTree = "<group>";
		};
/* End PBXVariantGroup section */

/* Begin XCBuildConfiguration section */
		4377E1031B2FBFC400256DE7 /* Debug */ = {
			isa = XCBuildConfiguration;
			buildSettings = {
				ALWAYS_SEARCH_USER_PATHS = NO;
				CLANG_CXX_LANGUAGE_STANDARD = "gnu++0x";
				CLANG_CXX_LIBRARY = "libc++";
				CLANG_ENABLE_MODULES = YES;
				CLANG_ENABLE_OBJC_ARC = YES;
				CLANG_WARN_BOOL_CONVERSION = YES;
				CLANG_WARN_CONSTANT_CONVERSION = YES;
				CLANG_WARN_DIRECT_OBJC_ISA_USAGE = YES_ERROR;
				CLANG_WARN_EMPTY_BODY = YES;
				CLANG_WARN_ENUM_CONVERSION = YES;
				CLANG_WARN_INT_CONVERSION = YES;
				CLANG_WARN_OBJC_ROOT_CLASS = YES_ERROR;
				CLANG_WARN_UNREACHABLE_CODE = YES;
				CLANG_WARN__DUPLICATE_METHOD_MATCH = YES;
				"CODE_SIGN_IDENTITY[sdk=iphoneos*]" = "iPhone Developer";
				COPY_PHASE_STRIP = NO;
				DEBUG_INFORMATION_FORMAT = "dwarf-with-dsym";
				ENABLE_STRICT_OBJC_MSGSEND = YES;
				GCC_C_LANGUAGE_STANDARD = gnu99;
				GCC_DYNAMIC_NO_PIC = NO;
				GCC_NO_COMMON_BLOCKS = YES;
				GCC_OPTIMIZATION_LEVEL = 0;
				GCC_PREPROCESSOR_DEFINITIONS = (
					"DEBUG=1",
					"$(inherited)",
				);
				GCC_SYMBOLS_PRIVATE_EXTERN = NO;
				GCC_WARN_64_TO_32_BIT_CONVERSION = YES;
				GCC_WARN_ABOUT_RETURN_TYPE = YES_ERROR;
				GCC_WARN_UNDECLARED_SELECTOR = YES;
				GCC_WARN_UNINITIALIZED_AUTOS = YES_AGGRESSIVE;
				GCC_WARN_UNUSED_FUNCTION = YES;
				GCC_WARN_UNUSED_VARIABLE = YES;
				IPHONEOS_DEPLOYMENT_TARGET = 8.3;
				MTL_ENABLE_DEBUG_INFO = YES;
				ONLY_ACTIVE_ARCH = YES;
				SDKROOT = iphoneos;
				SWIFT_OPTIMIZATION_LEVEL = "-Onone";
				TARGETED_DEVICE_FAMILY = "1,2";
			};
			name = Debug;
		};
		4377E1041B2FBFC400256DE7 /* Release */ = {
			isa = XCBuildConfiguration;
			buildSettings = {
				ALWAYS_SEARCH_USER_PATHS = NO;
				CLANG_CXX_LANGUAGE_STANDARD = "gnu++0x";
				CLANG_CXX_LIBRARY = "libc++";
				CLANG_ENABLE_MODULES = YES;
				CLANG_ENABLE_OBJC_ARC = YES;
				CLANG_WARN_BOOL_CONVERSION = YES;
				CLANG_WARN_CONSTANT_CONVERSION = YES;
				CLANG_WARN_DIRECT_OBJC_ISA_USAGE = YES_ERROR;
				CLANG_WARN_EMPTY_BODY = YES;
				CLANG_WARN_ENUM_CONVERSION = YES;
				CLANG_WARN_INT_CONVERSION = YES;
				CLANG_WARN_OBJC_ROOT_CLASS = YES_ERROR;
				CLANG_WARN_UNREACHABLE_CODE = YES;
				CLANG_WARN__DUPLICATE_METHOD_MATCH = YES;
				"CODE_SIGN_IDENTITY[sdk=iphoneos*]" = "iPhone Developer";
				COPY_PHASE_STRIP = NO;
				DEBUG_INFORMATION_FORMAT = "dwarf-with-dsym";
				ENABLE_NS_ASSERTIONS = NO;
				ENABLE_STRICT_OBJC_MSGSEND = YES;
				GCC_C_LANGUAGE_STANDARD = gnu99;
				GCC_NO_COMMON_BLOCKS = YES;
				GCC_WARN_64_TO_32_BIT_CONVERSION = YES;
				GCC_WARN_ABOUT_RETURN_TYPE = YES_ERROR;
				GCC_WARN_UNDECLARED_SELECTOR = YES;
				GCC_WARN_UNINITIALIZED_AUTOS = YES_AGGRESSIVE;
				GCC_WARN_UNUSED_FUNCTION = YES;
				GCC_WARN_UNUSED_VARIABLE = YES;
				IPHONEOS_DEPLOYMENT_TARGET = 8.3;
				MTL_ENABLE_DEBUG_INFO = NO;
				SDKROOT = iphoneos;
				TARGETED_DEVICE_FAMILY = "1,2";
				VALIDATE_PRODUCT = YES;
			};
			name = Release;
		};
		4377E1061B2FBFC400256DE7 /* Debug */ = {
			isa = XCBuildConfiguration;
			buildSettings = {
				ASSETCATALOG_COMPILER_APPICON_NAME = AppIcon;
				FRAMEWORK_SEARCH_PATHS = (
					"$(inherited)",
					/Users/benjamin/Documents/FacebookSDK,
				);
				INFOPLIST_FILE = Vane/Info.plist;
				LD_RUNPATH_SEARCH_PATHS = "$(inherited) @executable_path/Frameworks";
				PRODUCT_NAME = "$(TARGET_NAME)";
			};
			name = Debug;
		};
		4377E1071B2FBFC400256DE7 /* Release */ = {
			isa = XCBuildConfiguration;
			buildSettings = {
				ASSETCATALOG_COMPILER_APPICON_NAME = AppIcon;
				FRAMEWORK_SEARCH_PATHS = (
					"$(inherited)",
					/Users/benjamin/Documents/FacebookSDK,
				);
				INFOPLIST_FILE = Vane/Info.plist;
				LD_RUNPATH_SEARCH_PATHS = "$(inherited) @executable_path/Frameworks";
				PRODUCT_NAME = "$(TARGET_NAME)";
			};
			name = Release;
		};
		4377E1091B2FBFC400256DE7 /* Debug */ = {
			isa = XCBuildConfiguration;
			buildSettings = {
				BUNDLE_LOADER = "$(TEST_HOST)";
				FRAMEWORK_SEARCH_PATHS = (
					"$(SDKROOT)/Developer/Library/Frameworks",
					"$(inherited)",
				);
				GCC_PREPROCESSOR_DEFINITIONS = (
					"DEBUG=1",
					"$(inherited)",
				);
				INFOPLIST_FILE = VaneTests/Info.plist;
				LD_RUNPATH_SEARCH_PATHS = "$(inherited) @executable_path/Frameworks @loader_path/Frameworks";
				PRODUCT_NAME = "$(TARGET_NAME)";
				TEST_HOST = "$(BUILT_PRODUCTS_DIR)/Vane.app/Vane";
			};
			name = Debug;
		};
		4377E10A1B2FBFC400256DE7 /* Release */ = {
			isa = XCBuildConfiguration;
			buildSettings = {
				BUNDLE_LOADER = "$(TEST_HOST)";
				FRAMEWORK_SEARCH_PATHS = (
					"$(SDKROOT)/Developer/Library/Frameworks",
					"$(inherited)",
				);
				INFOPLIST_FILE = VaneTests/Info.plist;
				LD_RUNPATH_SEARCH_PATHS = "$(inherited) @executable_path/Frameworks @loader_path/Frameworks";
				PRODUCT_NAME = "$(TARGET_NAME)";
				TEST_HOST = "$(BUILT_PRODUCTS_DIR)/Vane.app/Vane";
			};
			name = Release;
		};
/* End XCBuildConfiguration section */

/* Begin XCConfigurationList section */
		4377E0E11B2FBFC400256DE7 /* Build configuration list for PBXProject "Vane" */ = {
			isa = XCConfigurationList;
			buildConfigurations = (
				4377E1031B2FBFC400256DE7 /* Debug */,
				4377E1041B2FBFC400256DE7 /* Release */,
			);
			defaultConfigurationIsVisible = 0;
			defaultConfigurationName = Release;
		};
		4377E1051B2FBFC400256DE7 /* Build configuration list for PBXNativeTarget "Vane" */ = {
			isa = XCConfigurationList;
			buildConfigurations = (
				4377E1061B2FBFC400256DE7 /* Debug */,
				4377E1071B2FBFC400256DE7 /* Release */,
			);
			defaultConfigurationIsVisible = 0;
		};
		4377E1081B2FBFC400256DE7 /* Build configuration list for PBXNativeTarget "VaneTests" */ = {
			isa = XCConfigurationList;
			buildConfigurations = (
				4377E1091B2FBFC400256DE7 /* Debug */,
				4377E10A1B2FBFC400256DE7 /* Release */,
			);
			defaultConfigurationIsVisible = 0;
		};
/* End XCConfigurationList section */
	};
	rootObject = 4377E0DE1B2FBFC400256DE7 /* Project object */;
}
